
Microsoft Visual Studio Solution File, Format Version 12.00
# Visual Studio Version 17
VisualStudioVersion = 17.5.33530.505
MinimumVisualStudioVersion = 10.0.40219.1
Project("{FAE04EC0-301F-11D3-BF4B-00C04F79EFBC}") = "0002SP", "0002SP\0002SP.csproj", "{49436207-9ABC-413C-A53A-0A5064EF81A8}"
EndProject
Global
	GlobalSection(SolutionConfigurationPlatforms) = preSolution
		Debug|Any CPU = Debug|Any CPU
		Release|Any CPU = Release|Any CPU
	EndGlobalSection
	GlobalSection(ProjectConfigurationPlatforms) = postSolution
		{49436207-9ABC-413C-A53A-0A5064EF81A8}.Debug|Any CPU.ActiveCfg = Debug|Any CPU
		{49436207-9ABC-413C-A53A-0A5064EF81A8}.Debug|Any CPU.Build.0 = Debug|Any CPU
		{49436207-9ABC-413C-A53A-0A5064EF81A8}.Release|Any CPU.ActiveCfg = Release|Any CPU
		{49436207-9ABC-413C-A53A-0A5064EF81A8}.Release|Any CPU.Build.0 = Release|Any CPU
	EndGlobalSection
	GlobalSection(SolutionProperties) = preSolution
		HideSolutionNode = FALSE
	EndGlobalSection
	GlobalSection(ExtensibilityGlobals) = postSolution
		SolutionGuid = {B070681B-7432-450D-87ED-FA0BBAFA2D67}
	EndGlobalSection
EndGlobal
